
Microsoft Visual Studio Solution File, Format Version 12.00
# Visual Studio Version 17
VisualStudioVersion = 17.0.32112.339
MinimumVisualStudioVersion = 10.0.40219.1
Project("{FAE04EC0-301F-11D3-BF4B-00C04F79EFBC}") = "AlphaX.WPF.Sheets", "AlphaX.WPF.Sheets\AlphaX.WPF.Sheets.csproj", "{8ABD1007-49B7-4864-9DFC-E420640AE8F6}"
EndProject
Project("{FAE04EC0-301F-11D3-BF4B-00C04F79EFBC}") = "AlphaXSpreadSamplesExplorer", "Samples\AlphaXSpreadSamplesExplorer.csproj", "{14A54803-3E2F-44A2-B9B5-ECA819D2C1DB}"
EndProject
Project("{9A19103F-16F7-4668-BE54-9A1E7A4F7556}") = "AlphaX.CalcEngine", "AlphaX.CalcEngine\AlphaX.CalcEngine.csproj", "{B0E26B8D-99B1-438F-8CC3-1C23D955160F}"
EndProject
Project("{9A19103F-16F7-4668-BE54-9A1E7A4F7556}") = "AlphaX.Sheets", "AlphaX.Sheets\AlphaX.Sheets.csproj", "{0A2C6919-F757-4E56-8290-EB763EA56726}"
EndProject
Global
	GlobalSection(SolutionConfigurationPlatforms) = preSolution
		Debug|Any CPU = Debug|Any CPU
		Release|Any CPU = Release|Any CPU
	EndGlobalSection
	GlobalSection(ProjectConfigurationPlatforms) = postSolution
		{8ABD1007-49B7-4864-9DFC-E420640AE8F6}.Debug|Any CPU.ActiveCfg = Debug|Any CPU
		{8ABD1007-49B7-4864-9DFC-E420640AE8F6}.Debug|Any CPU.Build.0 = Debug|Any CPU
		{8ABD1007-49B7-4864-9DFC-E420640AE8F6}.Release|Any CPU.ActiveCfg = Release|Any CPU
		{8ABD1007-49B7-4864-9DFC-E420640AE8F6}.Release|Any CPU.Build.0 = Release|Any CPU
		{14A54803-3E2F-44A2-B9B5-ECA819D2C1DB}.Debug|Any CPU.ActiveCfg = Debug|Any CPU
		{14A54803-3E2F-44A2-B9B5-ECA819D2C1DB}.Debug|Any CPU.Build.0 = Debug|Any CPU
		{14A54803-3E2F-44A2-B9B5-ECA819D2C1DB}.Release|Any CPU.ActiveCfg = Release|Any CPU
		{14A54803-3E2F-44A2-B9B5-ECA819D2C1DB}.Release|Any CPU.Build.0 = Release|Any CPU
		{B0E26B8D-99B1-438F-8CC3-1C23D955160F}.Debug|Any CPU.ActiveCfg = Debug|Any CPU
		{B0E26B8D-99B1-438F-8CC3-1C23D955160F}.Debug|Any CPU.Build.0 = Debug|Any CPU
		{B0E26B8D-99B1-438F-8CC3-1C23D955160F}.Release|Any CPU.ActiveCfg = Release|Any CPU
		{B0E26B8D-99B1-438F-8CC3-1C23D955160F}.Release|Any CPU.Build.0 = Release|Any CPU
		{0A2C6919-F757-4E56-8290-EB763EA56726}.Debug|Any CPU.ActiveCfg = Debug|Any CPU
		{0A2C6919-F757-4E56-8290-EB763EA56726}.Debug|Any CPU.Build.0 = Debug|Any CPU
		{0A2C6919-F757-4E56-8290-EB763EA56726}.Release|Any CPU.ActiveCfg = Release|Any CPU
		{0A2C6919-F757-4E56-8290-EB763EA56726}.Release|Any CPU.Build.0 = Release|Any CPU
	EndGlobalSection
	GlobalSection(SolutionProperties) = preSolution
		HideSolutionNode = FALSE
	EndGlobalSection
	GlobalSection(ExtensibilityGlobals) = postSolution
		SolutionGuid = {8982B8E2-3752-4B47-BDAD-BA40D1183999}
	EndGlobalSection
EndGlobal
